
Microsoft Visual Studio Solution File, Format Version 12.00
# Visual Studio Version 17
VisualStudioVersion = 17.6.33815.320
MinimumVisualStudioVersion = 10.0.40219.1
Project("{9A19103F-16F7-4668-BE54-9A1E7A4F7556}") = "wrssolutions.ApiAuth", "wrssolutions.ApiAuth\wrssolutions.ApiAuth.csproj", "{D4973F68-DFD7-462A-9F3C-1B3A3F555085}"
EndProject
Project("{2150E333-8FDC-42A3-9474-1A3956D46DE8}") = "Microservices", "Microservices", "{C45B7BB8-88DC-47AF-93C4-1E67A3CEFE75}"
EndProject
Project("{2150E333-8FDC-42A3-9474-1A3956D46DE8}") = "Core", "Core", "{4D12F046-FC44-4ABF-B8E5-2F8BB55D7A89}"
EndProject
Project("{2150E333-8FDC-42A3-9474-1A3956D46DE8}") = "Adapters", "Adapters", "{097EEAEB-9A15-45E5-AA43-D07EDB59A44A}"
EndProject
Project("{2150E333-8FDC-42A3-9474-1A3956D46DE8}") = "Domain", "Domain", "{93E07FF7-E29F-4803-8204-D380EE00C816}"
EndProject
Project("{2150E333-8FDC-42A3-9474-1A3956D46DE8}") = "Services", "Services", "{B7871634-7CAC-4576-AE69-5403673DA3AF}"
EndProject
Project("{2150E333-8FDC-42A3-9474-1A3956D46DE8}") = "Infra", "Infra", "{D393FC8A-7816-405C-9037-C0AFA7401A6C}"
EndProject
Project("{9A19103F-16F7-4668-BE54-9A1E7A4F7556}") = "wrssolutions.Domain", "wrssolutions.Domain\wrssolutions.Domain.csproj", "{08725B59-74D4-4639-A73B-692BD62A866B}"
EndProject
Project("{9A19103F-16F7-4668-BE54-9A1E7A4F7556}") = "wrssolutions.Services", "wrssolutions.Services\wrssolutions.Services.csproj", "{6E3B0D1B-2A90-44D4-98F6-001FAA959207}"
EndProject
Project("{2150E333-8FDC-42A3-9474-1A3956D46DE8}") = "Data", "Data", "{13288040-A184-4343-A2F1-3E0C1200B836}"
EndProject
Project("{2150E333-8FDC-42A3-9474-1A3956D46DE8}") = "IoC", "IoC", "{5882C49D-8DE4-40D8-A2F4-F7DF6C837C30}"
EndProject
Project("{9A19103F-16F7-4668-BE54-9A1E7A4F7556}") = "wrssolutions.Data", "wrssolutions.Data\wrssolutions.Data.csproj", "{F56CF71D-6E93-4F9A-93D3-21B048FCB793}"
EndProject
Project("{9A19103F-16F7-4668-BE54-9A1E7A4F7556}") = "wrssolutions.DTO", "wrssolutions.DTO\wrssolutions.DTO.csproj", "{99D34423-46AE-4518-BADB-9AED283520B5}"
EndProject
Project("{9A19103F-16F7-4668-BE54-9A1E7A4F7556}") = "wrssolutions.IoC", "wrssolutions.IoC\wrssolutions.IoC.csproj", "{10C0433C-AE59-44A6-B2BB-907027957D54}"
EndProject
Project("{2150E333-8FDC-42A3-9474-1A3956D46DE8}") = "Configs", "Configs", "{C2EC3F92-3B63-4A94-BCF3-6079A00447C0}"
EndProject
Project("{9A19103F-16F7-4668-BE54-9A1E7A4F7556}") = "wrssolutions.Configs", "wrssolutions.Configs\wrssolutions.Configs.csproj", "{791DFD31-00AF-478A-9230-AD339BA057FB}"
EndProject
Project("{9A19103F-16F7-4668-BE54-9A1E7A4F7556}") = "wrssolutions.ApiRabbitMQ", "wrssolutions.ApiRabbitMQ\wrssolutions.ApiRabbitMQ.csproj", "{7A03F030-75E1-45DB-9DD9-233F2EE504BD}"
EndProject
Project("{2150E333-8FDC-42A3-9474-1A3956D46DE8}") = "Tests", "Tests", "{F92FD56F-CFA0-41DE-83C2-1BFC723ACC46}"
EndProject
Project("{FAE04EC0-301F-11D3-BF4B-00C04F79EFBC}") = "General.Tests", "General.Tests\General.Tests.csproj", "{83EC6BE5-12E2-4283-B736-24BF63CC8896}"
EndProject
Global
	GlobalSection(SolutionConfigurationPlatforms) = preSolution
		Debug|Any CPU = Debug|Any CPU
		Release|Any CPU = Release|Any CPU
	EndGlobalSection
	GlobalSection(ProjectConfigurationPlatforms) = postSolution
		{D4973F68-DFD7-462A-9F3C-1B3A3F555085}.Debug|Any CPU.ActiveCfg = Debug|Any CPU
		{D4973F68-DFD7-462A-9F3C-1B3A3F555085}.Debug|Any CPU.Build.0 = Debug|Any CPU
		{D4973F68-DFD7-462A-9F3C-1B3A3F555085}.Release|Any CPU.ActiveCfg = Release|Any CPU
		{D4973F68-DFD7-462A-9F3C-1B3A3F555085}.Release|Any CPU.Build.0 = Release|Any CPU
		{08725B59-74D4-4639-A73B-692BD62A866B}.Debug|Any CPU.ActiveCfg = Debug|Any CPU
		{08725B59-74D4-4639-A73B-692BD62A866B}.Debug|Any CPU.Build.0 = Debug|Any CPU
		{08725B59-74D4-4639-A73B-692BD62A866B}.Release|Any CPU.ActiveCfg = Release|Any CPU
		{08725B59-74D4-4639-A73B-692BD62A866B}.Release|Any CPU.Build.0 = Release|Any CPU
		{6E3B0D1B-2A90-44D4-98F6-001FAA959207}.Debug|Any CPU.ActiveCfg = Debug|Any CPU
		{6E3B0D1B-2A90-44D4-98F6-001FAA959207}.Debug|Any CPU.Build.0 = Debug|Any CPU
		{6E3B0D1B-2A90-44D4-98F6-001FAA959207}.Release|Any CPU.ActiveCfg = Release|Any CPU
		{6E3B0D1B-2A90-44D4-98F6-001FAA959207}.Release|Any CPU.Build.0 = Release|Any CPU
		{F56CF71D-6E93-4F9A-93D3-21B048FCB793}.Debug|Any CPU.ActiveCfg = Debug|Any CPU
		{F56CF71D-6E93-4F9A-93D3-21B048FCB793}.Debug|Any CPU.Build.0 = Debug|Any CPU
		{F56CF71D-6E93-4F9A-93D3-21B048FCB793}.Release|Any CPU.ActiveCfg = Release|Any CPU
		{F56CF71D-6E93-4F9A-93D3-21B048FCB793}.Release|Any CPU.Build.0 = Release|Any CPU
		{99D34423-46AE-4518-BADB-9AED283520B5}.Debug|Any CPU.ActiveCfg = Debug|Any CPU
		{99D34423-46AE-4518-BADB-9AED283520B5}.Debug|Any CPU.Build.0 = Debug|Any CPU
		{99D34423-46AE-4518-BADB-9AED283520B5}.Release|Any CPU.ActiveCfg = Release|Any CPU
		{99D34423-46AE-4518-BADB-9AED283520B5}.Release|Any CPU.Build.0 = Release|Any CPU
		{10C0433C-AE59-44A6-B2BB-907027957D54}.Debug|Any CPU.ActiveCfg = Debug|Any CPU
		{10C0433C-AE59-44A6-B2BB-907027957D54}.Debug|Any CPU.Build.0 = Debug|Any CPU
		{10C0433C-AE59-44A6-B2BB-907027957D54}.Release|Any CPU.ActiveCfg = Release|Any CPU
		{10C0433C-AE59-44A6-B2BB-907027957D54}.Release|Any CPU.Build.0 = Release|Any CPU
		{791DFD31-00AF-478A-9230-AD339BA057FB}.Debug|Any CPU.ActiveCfg = Debug|Any CPU
		{791DFD31-00AF-478A-9230-AD339BA057FB}.Debug|Any CPU.Build.0 = Debug|Any CPU
		{791DFD31-00AF-478A-9230-AD339BA057FB}.Release|Any CPU.ActiveCfg = Release|Any CPU
		{791DFD31-00AF-478A-9230-AD339BA057FB}.Release|Any CPU.Build.0 = Release|Any CPU
		{7A03F030-75E1-45DB-9DD9-233F2EE504BD}.Debug|Any CPU.ActiveCfg = Debug|Any CPU
		{7A03F030-75E1-45DB-9DD9-233F2EE504BD}.Debug|Any CPU.Build.0 = Debug|Any CPU
		{7A03F030-75E1-45DB-9DD9-233F2EE504BD}.Release|Any CPU.ActiveCfg = Release|Any CPU
		{7A03F030-75E1-45DB-9DD9-233F2EE504BD}.Release|Any CPU.Build.0 = Release|Any CPU
		{83EC6BE5-12E2-4283-B736-24BF63CC8896}.Debug|Any CPU.ActiveCfg = Debug|Any CPU
		{83EC6BE5-12E2-4283-B736-24BF63CC8896}.Debug|Any CPU.Build.0 = Debug|Any CPU
		{83EC6BE5-12E2-4283-B736-24BF63CC8896}.Release|Any CPU.ActiveCfg = Release|Any CPU
		{83EC6BE5-12E2-4283-B736-24BF63CC8896}.Release|Any CPU.Build.0 = Release|Any CPU
	EndGlobalSection
	GlobalSection(SolutionProperties) = preSolution
		HideSolutionNode = FALSE
	EndGlobalSection
	GlobalSection(NestedProjects) = preSolution
		{D4973F68-DFD7-462A-9F3C-1B3A3F555085} = {C45B7BB8-88DC-47AF-93C4-1E67A3CEFE75}
		{93E07FF7-E29F-4803-8204-D380EE00C816} = {4D12F046-FC44-4ABF-B8E5-2F8BB55D7A89}
		{B7871634-7CAC-4576-AE69-5403673DA3AF} = {4D12F046-FC44-4ABF-B8E5-2F8BB55D7A89}
		{D393FC8A-7816-405C-9037-C0AFA7401A6C} = {097EEAEB-9A15-45E5-AA43-D07EDB59A44A}
		{08725B59-74D4-4639-A73B-692BD62A866B} = {93E07FF7-E29F-4803-8204-D380EE00C816}
		{6E3B0D1B-2A90-44D4-98F6-001FAA959207} = {B7871634-7CAC-4576-AE69-5403673DA3AF}
		{13288040-A184-4343-A2F1-3E0C1200B836} = {D393FC8A-7816-405C-9037-C0AFA7401A6C}
		{5882C49D-8DE4-40D8-A2F4-F7DF6C837C30} = {D393FC8A-7816-405C-9037-C0AFA7401A6C}
		{F56CF71D-6E93-4F9A-93D3-21B048FCB793} = {13288040-A184-4343-A2F1-3E0C1200B836}
		{99D34423-46AE-4518-BADB-9AED283520B5} = {13288040-A184-4343-A2F1-3E0C1200B836}
		{10C0433C-AE59-44A6-B2BB-907027957D54} = {5882C49D-8DE4-40D8-A2F4-F7DF6C837C30}
		{C2EC3F92-3B63-4A94-BCF3-6079A00447C0} = {D393FC8A-7816-405C-9037-C0AFA7401A6C}
		{791DFD31-00AF-478A-9230-AD339BA057FB} = {C2EC3F92-3B63-4A94-BCF3-6079A00447C0}
		{7A03F030-75E1-45DB-9DD9-233F2EE504BD} = {C45B7BB8-88DC-47AF-93C4-1E67A3CEFE75}
		{83EC6BE5-12E2-4283-B736-24BF63CC8896} = {F92FD56F-CFA0-41DE-83C2-1BFC723ACC46}
	EndGlobalSection
	GlobalSection(ExtensibilityGlobals) = postSolution
		SolutionGuid = {62963B2F-D32E-483A-9349-DCD1F89D6B83}
	EndGlobalSection
EndGlobal
